lockfileVersion: '9.0'

settings:
  autoInstallPeers: true
  excludeLinksFromLockfile: false

importers:

  .:
    devDependencies:
      '@types/aws-lambda':
        specifier: 8.10.139
        version: 8.10.139
      '@types/node':
        specifier: 22.14.1
        version: 22.14.1

packages:

  '@types/aws-lambda@8.10.139':
    resolution: {integrity: sha512-n+RhGv0ONxnelVLw1J301bwaqxVDP2SWzHocLHxfAbI3lsvji1SXvFR+mB9ttfg7x3kLM6EWe5FnmIEoZNwpRw==}

  '@types/node@22.14.1':
    resolution: {integrity: sha512-u0HuPQwe/dHrItgHHpmw3N2fYCR6x4ivMNbPHRkBVP4CvN+kiRrKHWk3i8tXiO/joPwXLMYvF9TTF0eqgHIuOw==}

  undici-types@6.21.0:
    resolution: {integrity: sha512-iwDZqg0QAGrg9Rav5H4n0M64c3mkR59cJ6wQp+7C4nI0gsmExaedaYLNO44eT4AtBBwjbTiGPMlt2Md0T9H9JQ==}

snapshots:

  '@types/aws-lambda@8.10.139': {}

  '@types/node@22.14.1':
    dependencies:
      undici-types: 6.21.0

  undici-types@6.21.0: {}
