lockfileVersion: '9.0'

settings:
  autoInstallPeers: true
  excludeLinksFromLockfile: false

importers:

  .:
    devDependencies:
      '@types/aws-lambda':
        specifier: 8.10.139
        version: 8.10.139
      '@types/node':
        specifier: 22.13.14
        version: 22.13.14

packages:

  '@types/aws-lambda@8.10.139':
    resolution: {integrity: sha512-n+RhGv0ONxnelVLw1J301bwaqxVDP2SWzHocLHxfAbI3lsvji1SXvFR+mB9ttfg7x3kLM6EWe5FnmIEoZNwpRw==}

  '@types/node@22.13.14':
    resolution: {integrity: sha512-Zs/Ollc1SJ8nKUAgc7ivOEdIBM8JAKgrqqUYi2J997JuKO7/tpQC+WCetQ1sypiKCQWHdvdg9wBNpUPEWZae7w==}

  undici-types@6.20.0:
    resolution: {integrity: sha512-Ny6QZ2Nju20vw1SRHe3d9jVu6gJ+4e3+MMpqu7pqE5HT6WsTSlce++GQmK5UXS8mzV8DSYHrQH+Xrf2jVcuKNg==}

snapshots:

  '@types/aws-lambda@8.10.139': {}

  '@types/node@22.13.14':
    dependencies:
      undici-types: 6.20.0

  undici-types@6.20.0: {}
