lockfileVersion: '9.0'

settings:
  autoInstallPeers: true
  excludeLinksFromLockfile: false

importers:

  .:
    devDependencies:
      '@types/aws-lambda':
        specifier: 8.10.139
        version: 8.10.139
      '@types/node':
        specifier: 20.17.46
        version: 20.17.46

packages:

  '@types/aws-lambda@8.10.139':
    resolution: {integrity: sha512-n+RhGv0ONxnelVLw1J301bwaqxVDP2SWzHocLHxfAbI3lsvji1SXvFR+mB9ttfg7x3kLM6EWe5FnmIEoZNwpRw==}

  '@types/node@20.17.46':
    resolution: {integrity: sha512-0PQHLhZPWOxGW4auogW0eOQAuNIlCYvibIpG67ja0TOJ6/sehu+1en7sfceUn+QQtx4Rk3GxbLNwPh0Cav7TWw==}

  undici-types@6.19.8:
    resolution: {integrity: sha512-ve2KP6f/JnbPBFyobGHuerC9g1FYGn/F8n1LWTwNxCEzd6IfqTwUQcNXgEtmmQ6DlRrC1hrSrBnCZPokRrDHjw==}

snapshots:

  '@types/aws-lambda@8.10.139': {}

  '@types/node@20.17.46':
    dependencies:
      undici-types: 6.19.8

  undici-types@6.19.8: {}
